
Microsoft Visual Studio Solution File, Format Version 12.00
# Visual Studio Version 17
VisualStudioVersion = 17.5.002.0
MinimumVisualStudioVersion = 10.0.40219.1
Project("{9A19103F-16F7-4668-BE54-9A1E7A4F7556}") = "remove_elements", "remove_elements.csproj", "{AC848275-816A-4BDA-A1A1-571A61B6382E}"
EndProject
Global
	GlobalSection(SolutionConfigurationPlatforms) = preSolution
		Debug|Any CPU = Debug|Any CPU
		Release|Any CPU = Release|Any CPU
	EndGlobalSection
	GlobalSection(ProjectConfigurationPlatforms) = postSolution
		{AC848275-816A-4BDA-A1A1-571A61B6382E}.Debug|Any CPU.ActiveCfg = Debug|Any CPU
		{AC848275-816A-4BDA-A1A1-571A61B6382E}.Debug|Any CPU.Build.0 = Debug|Any CPU
		{AC848275-816A-4BDA-A1A1-571A61B6382E}.Release|Any CPU.ActiveCfg = Release|Any CPU
		{AC848275-816A-4BDA-A1A1-571A61B6382E}.Release|Any CPU.Build.0 = Release|Any CPU
	EndGlobalSection
	GlobalSection(SolutionProperties) = preSolution
		HideSolutionNode = FALSE
	EndGlobalSection
	GlobalSection(ExtensibilityGlobals) = postSolution
		SolutionGuid = {D54FD483-1144-407E-A749-F5A37DEF8CAB}
	EndGlobalSection
EndGlobal
